{
  "name": "lennox-monitor",
  "version": "1.0.0",
  "lockfileVersion": 1,
  "requires": true,
  "dependencies": {
    "dotenv": {
      "version": "8.2.0",
      "resolved": "https://registry.npmjs.org/dotenv/-/dotenv-8.2.0.tgz",
      "integrity": "sha512-8sJ78ElpbDJBHNeBzUbUVLsqKdccaa/BXF1uPTw3GrvQTBgrQrtObr2mUrE38vzYd8cEv+m/JBfDLioYcfXoaw=="
    },
    "gpf-js": {
      "version": "1.0.0",
      "resolved": "https://registry.npmjs.org/gpf-js/-/gpf-js-1.0.0.tgz",
      "integrity": "sha512-JBOpJvbpBY4/d1ZYvKvgY3I2yEllwnZZk8UX/l8vMpqC3vNLnDsCnxwhWV56e/eN62sZrJZZ3VgEk7Ws6L8wgQ=="
    }
  }
}
